// !$*UTF8*$!
{
	archiveVersion = 1;
	classes = {
	};
	objectVersion = 55;
	objects = {

/* Begin PBXBuildFile section */
		3F21454028192C510064D8F9 /* OptionsProtocol.swift in Sources */ = {isa = PBXBuildFile; fileRef = 3F21453F28192C510064D8F9 /* OptionsProtocol.swift */; };
		3F48802C281AFBE00022B7C9 /* VersionOption.swift in Sources */ = {isa = PBXBuildFile; fileRef = 3F48802B281AFBE00022B7C9 /* VersionOption.swift */; };
		3F6BC11927FEDC3A000A2C5A /* main.swift in Sources */ = {isa = PBXBuildFile; fileRef = 3F6BC11827FEDC3A000A2C5A /* main.swift */; };
		3F77A2952815C98F00798616 /* Craid.swift in Sources */ = {isa = PBXBuildFile; fileRef = 3F77A2942815C98F00798616 /* Craid.swift */; };
		3F7B72CF28186B6B007E0AA2 /* UserFileSystem.swift in Sources */ = {isa = PBXBuildFile; fileRef = 3F7B72CE28186B6B007E0AA2 /* UserFileSystem.swift */; };
		3F8D5F812815C34E005D34FC /* CraidIO.swift in Sources */ = {isa = PBXBuildFile; fileRef = 3F8D5F802815C34E005D34FC /* CraidIO.swift */; };
		3FE026532819CCD70035C426 /* HelpOption.swift in Sources */ = {isa = PBXBuildFile; fileRef = 3FE026522819CCD70035C426 /* HelpOption.swift */; };
		3FF33334281880890053994C /* ClearMoodleAction.swift in Sources */ = {isa = PBXBuildFile; fileRef = 3FF33333281880890053994C /* ClearMoodleAction.swift */; };
		3FF33336281880BB0053994C /* ActionProtocol.swift in Sources */ = {isa = PBXBuildFile; fileRef = 3FF33335281880BB0053994C /* ActionProtocol.swift */; };
/* End PBXBuildFile section */

/* Begin PBXCopyFilesBuildPhase section */
		3F6BC11327FEDC3A000A2C5A /* CopyFiles */ = {
			isa = PBXCopyFilesBuildPhase;
			buildActionMask = 2147483647;
			dstPath = /usr/share/man/man1/;
			dstSubfolderSpec = 0;
			files = (
			);
			runOnlyForDeploymentPostprocessing = 1;
		};
/* End PBXCopyFilesBuildPhase section */

/* Begin PBXFileReference section */
		3F21453F28192C510064D8F9 /* OptionsProtocol.swift */ = {isa = PBXFileReference; lastKnownFileType = sourcecode.swift; path = OptionsProtocol.swift; sourceTree = "<group>"; };
		3F48802B281AFBE00022B7C9 /* VersionOption.swift */ = {isa = PBXFileReference; lastKnownFileType = sourcecode.swift; path = VersionOption.swift; sourceTree = "<group>"; };
		3F6BC11527FEDC3A000A2C5A /* Craid */ = {isa = PBXFileReference; explicitFileType = "compiled.mach-o.executable"; includeInIndex = 0; path = Craid; sourceTree = BUILT_PRODUCTS_DIR; };
		3F6BC11827FEDC3A000A2C5A /* main.swift */ = {isa = PBXFileReference; lastKnownFileType = sourcecode.swift; path = main.swift; sourceTree = "<group>"; };
		3F77A2942815C98F00798616 /* Craid.swift */ = {isa = PBXFileReference; lastKnownFileType = sourcecode.swift; path = Craid.swift; sourceTree = "<group>"; };
		3F7B72CE28186B6B007E0AA2 /* UserFileSystem.swift */ = {isa = PBXFileReference; lastKnownFileType = sourcecode.swift; path = UserFileSystem.swift; sourceTree = "<group>"; };
		3F8D5F802815C34E005D34FC /* CraidIO.swift */ = {isa = PBXFileReference; lastKnownFileType = sourcecode.swift; path = CraidIO.swift; sourceTree = "<group>"; };
		3FE026522819CCD70035C426 /* HelpOption.swift */ = {isa = PBXFileReference; lastKnownFileType = sourcecode.swift; path = HelpOption.swift; sourceTree = "<group>"; };
		3FF33333281880890053994C /* ClearMoodleAction.swift */ = {isa = PBXFileReference; lastKnownFileType = sourcecode.swift; path = ClearMoodleAction.swift; sourceTree = "<group>"; };
		3FF33335281880BB0053994C /* ActionProtocol.swift */ = {isa = PBXFileReference; lastKnownFileType = sourcecode.swift; path = ActionProtocol.swift; sourceTree = "<group>"; };
/* End PBXFileReference section */

/* Begin PBXFrameworksBuildPhase section */
		3F6BC11227FEDC3A000A2C5A /* Frameworks */ = {
			isa = PBXFrameworksBuildPhase;
			buildActionMask = 2147483647;
			files = (
			);
			runOnlyForDeploymentPostprocessing = 0;
		};
/* End PBXFrameworksBuildPhase section */

/* Begin PBXGroup section */
		3F21453E28192C440064D8F9 /* Options */ = {
			isa = PBXGroup;
			children = (
				3F21453F28192C510064D8F9 /* OptionsProtocol.swift */,
				3FE026522819CCD70035C426 /* HelpOption.swift */,
				3F48802B281AFBE00022B7C9 /* VersionOption.swift */,
			);
			path = Options;
			sourceTree = "<group>";
		};
		3F6BC10C27FEDC3A000A2C5A = {
			isa = PBXGroup;
			children = (
				3F21453E28192C440064D8F9 /* Options */,
				3FF333322818807D0053994C /* Actions */,
				3F7B72CD28186B2D007E0AA2 /* Values */,
				3F6BC11827FEDC3A000A2C5A /* main.swift */,
				3F8D5F802815C34E005D34FC /* CraidIO.swift */,
				3F77A2942815C98F00798616 /* Craid.swift */,
				3F6BC11627FEDC3A000A2C5A /* Products */,
			);
			sourceTree = "<group>";
		};
		3F6BC11627FEDC3A000A2C5A /* Products */ = {
			isa = PBXGroup;
			children = (
				3F6BC11527FEDC3A000A2C5A /* Craid */,
			);
			name = Products;
			sourceTree = "<group>";
		};
		3F7B72CD28186B2D007E0AA2 /* Values */ = {
			isa = PBXGroup;
			children = (
				3F7B72CE28186B6B007E0AA2 /* UserFileSystem.swift */,
			);
			path = Values;
			sourceTree = "<group>";
		};
		3FF333322818807D0053994C /* Actions */ = {
			isa = PBXGroup;
			children = (
				3FF33333281880890053994C /* ClearMoodleAction.swift */,
				3FF33335281880BB0053994C /* ActionProtocol.swift */,
			);
			path = Actions;
			sourceTree = "<group>";
		};
/* End PBXGroup section */

/* Begin PBXNativeTarget section */
		3F6BC11427FEDC3A000A2C5A /* Craid */ = {
			isa = PBXNativeTarget;
			buildConfigurationList = 3F6BC11C27FEDC3A000A2C5A /* Build configuration list for PBXNativeTarget "Craid" */;
			buildPhases = (
				3F6BC11127FEDC3A000A2C5A /* Sources */,
				3F6BC11227FEDC3A000A2C5A /* Frameworks */,
				3F6BC11327FEDC3A000A2C5A /* CopyFiles */,
			);
			buildRules = (
			);
			dependencies = (
			);
			name = Craid;
			productName = Craid;
			productReference = 3F6BC11527FEDC3A000A2C5A /* Craid */;
			productType = "com.apple.product-type.tool";
		};
/* End PBXNativeTarget section */

/* Begin PBXProject section */
		3F6BC10D27FEDC3A000A2C5A /* Project object */ = {
			isa = PBXProject;
			attributes = {
				BuildIndependentTargetsInParallel = 1;
				LastSwiftUpdateCheck = 1330;
				LastUpgradeCheck = 1330;
				TargetAttributes = {
					3F6BC11427FEDC3A000A2C5A = {
						CreatedOnToolsVersion = 13.3;
					};
				};
			};
			buildConfigurationList = 3F6BC11027FEDC3A000A2C5A /* Build configuration list for PBXProject "Craid" */;
			compatibilityVersion = "Xcode 13.0";
			developmentRegion = en;
			hasScannedForEncodings = 0;
			knownRegions = (
				en,
				Base,
				de,
			);
			mainGroup = 3F6BC10C27FEDC3A000A2C5A;
			productRefGroup = 3F6BC11627FEDC3A000A2C5A /* Products */;
			projectDirPath = "";
			projectRoot = "";
			targets = (
				3F6BC11427FEDC3A000A2C5A /* Craid */,
			);
		};
/* End PBXProject section */

/* Begin PBXSourcesBuildPhase section */
		3F6BC11127FEDC3A000A2C5A /* Sources */ = {
			isa = PBXSourcesBuildPhase;
			buildActionMask = 2147483647;
			files = (
				3F6BC11927FEDC3A000A2C5A /* main.swift in Sources */,
				3FF33336281880BB0053994C /* ActionProtocol.swift in Sources */,
				3FF33334281880890053994C /* ClearMoodleAction.swift in Sources */,
				3F8D5F812815C34E005D34FC /* CraidIO.swift in Sources */,
				3F21454028192C510064D8F9 /* OptionsProtocol.swift in Sources */,
				3F77A2952815C98F00798616 /* Craid.swift in Sources */,
				3F48802C281AFBE00022B7C9 /* VersionOption.swift in Sources */,
				3FE026532819CCD70035C426 /* HelpOption.swift in Sources */,
				3F7B72CF28186B6B007E0AA2 /* UserFileSystem.swift in Sources */,
			);
			runOnlyForDeploymentPostprocessing = 0;
		};
/* End PBXSourcesBuildPhase section */

/* Begin XCBuildConfiguration section */
		3F6BC11A27FEDC3A000A2C5A /* Debug */ = {
			isa = XCBuildConfiguration;
			buildSettings = {
				ALWAYS_SEARCH_USER_PATHS = NO;
				CLANG_ANALYZER_NONNULL = YES;
				CLANG_ANALYZER_NUMBER_OBJECT_CONVERSION = YES_AGGRESSIVE;
				CLANG_CXX_LANGUAGE_STANDARD = "gnu++17";
				CLANG_ENABLE_MODULES = YES;
				CLANG_ENABLE_OBJC_ARC = YES;
				CLANG_ENABLE_OBJC_WEAK = YES;
				CLANG_WARN_BLOCK_CAPTURE_AUTORELEASING = YES;
				CLANG_WARN_BOOL_CONVERSION = YES;
				CLANG_WARN_COMMA = YES;
				CLANG_WARN_CONSTANT_CONVERSION = YES;
				CLANG_WARN_DEPRECATED_OBJC_IMPLEMENTATIONS = YES;
				CLANG_WARN_DIRECT_OBJC_ISA_USAGE = YES_ERROR;
				CLANG_WARN_DOCUMENTATION_COMMENTS = YES;
				CLANG_WARN_EMPTY_BODY = YES;
				CLANG_WARN_ENUM_CONVERSION = YES;
				CLANG_WARN_INFINITE_RECURSION = YES;
				CLANG_WARN_INT_CONVERSION = YES;
				CLANG_WARN_NON_LITERAL_NULL_CONVERSION = YES;
				CLANG_WARN_OBJC_IMPLICIT_RETAIN_SELF = YES;
				CLANG_WARN_OBJC_LITERAL_CONVERSION = YES;
				CLANG_WARN_OBJC_ROOT_CLASS = YES_ERROR;
				CLANG_WARN_QUOTED_INCLUDE_IN_FRAMEWORK_HEADER = YES;
				CLANG_WARN_RANGE_LOOP_ANALYSIS = YES;
				CLANG_WARN_STRICT_PROTOTYPES = YES;
				CLANG_WARN_SUSPICIOUS_MOVE = YES;
				CLANG_WARN_UNGUARDED_AVAILABILITY = YES_AGGRESSIVE;
				CLANG_WARN_UNREACHABLE_CODE = YES;
				CLANG_WARN__DUPLICATE_METHOD_MATCH = YES;
				COPY_PHASE_STRIP = NO;
				CURRENT_PROJECT_VERSION = $APP_VERSION;
				DEBUG_INFORMATION_FORMAT = dwarf;
				ENABLE_STRICT_OBJC_MSGSEND = YES;
				ENABLE_TESTABILITY = YES;
				EXCLUDED_ARCHS = "";
				GCC_C_LANGUAGE_STANDARD = gnu11;
				GCC_DYNAMIC_NO_PIC = NO;
				GCC_NO_COMMON_BLOCKS = YES;
				GCC_OPTIMIZATION_LEVEL = 0;
				GCC_PREPROCESSOR_DEFINITIONS = (
					"DEBUG=1",
					"$(inherited)",
				);
				GCC_WARN_64_TO_32_BIT_CONVERSION = YES;
				GCC_WARN_ABOUT_RETURN_TYPE = YES_ERROR;
				GCC_WARN_UNDECLARED_SELECTOR = YES;
				GCC_WARN_UNINITIALIZED_AUTOS = YES_AGGRESSIVE;
				GCC_WARN_UNUSED_FUNCTION = YES;
				GCC_WARN_UNUSED_VARIABLE = YES;
				INFOPLIST_KEY_UIUserInterfaceStyle = Automatic;
				IPHONEOS_DEPLOYMENT_TARGET = 15.4;
				MACOSX_DEPLOYMENT_TARGET = 12.3;
				MTL_ENABLE_DEBUG_INFO = INCLUDE_SOURCE;
				MTL_FAST_MATH = YES;
				ONLY_ACTIVE_ARCH = YES;
				SDKROOT = macosx;
				SWIFT_ACTIVE_COMPILATION_CONDITIONS = DEBUG;
				SWIFT_OPTIMIZATION_LEVEL = "-Onone";
				SWIFT_VERSION = 5.0;
				TVOS_DEPLOYMENT_TARGET = 15.4;
				VERSIONING_SYSTEM = "apple-generic";
				WATCHOS_DEPLOYMENT_TARGET = 8.5;
			};
			name = Debug;
		};
		3F6BC11B27FEDC3A000A2C5A /* Release */ = {
			isa = XCBuildConfiguration;
			buildSettings = {
				ALWAYS_SEARCH_USER_PATHS = NO;
				CLANG_ANALYZER_NONNULL = YES;
				CLANG_ANALYZER_NUMBER_OBJECT_CONVERSION = YES_AGGRESSIVE;
				CLANG_CXX_LANGUAGE_STANDARD = "gnu++17";
				CLANG_ENABLE_MODULES = YES;
				CLANG_ENABLE_OBJC_ARC = YES;
				CLANG_ENABLE_OBJC_WEAK = YES;
				CLANG_WARN_BLOCK_CAPTURE_AUTORELEASING = YES;
				CLANG_WARN_BOOL_CONVERSION = YES;
				CLANG_WARN_COMMA = YES;
				CLANG_WARN_CONSTANT_CONVERSION = YES;
				CLANG_WARN_DEPRECATED_OBJC_IMPLEMENTATIONS = YES;
				CLANG_WARN_DIRECT_OBJC_ISA_USAGE = YES_ERROR;
				CLANG_WARN_DOCUMENTATION_COMMENTS = YES;
				CLANG_WARN_EMPTY_BODY = YES;
				CLANG_WARN_ENUM_CONVERSION = YES;
				CLANG_WARN_INFINITE_RECURSION = YES;
				CLANG_WARN_INT_CONVERSION = YES;
				CLANG_WARN_NON_LITERAL_NULL_CONVERSION = YES;
				CLANG_WARN_OBJC_IMPLICIT_RETAIN_SELF = YES;
				CLANG_WARN_OBJC_LITERAL_CONVERSION = YES;
				CLANG_WARN_OBJC_ROOT_CLASS = YES_ERROR;
				CLANG_WARN_QUOTED_INCLUDE_IN_FRAMEWORK_HEADER = YES;
				CLANG_WARN_RANGE_LOOP_ANALYSIS = YES;
				CLANG_WARN_STRICT_PROTOTYPES = YES;
				CLANG_WARN_SUSPICIOUS_MOVE = YES;
				CLANG_WARN_UNGUARDED_AVAILABILITY = YES_AGGRESSIVE;
				CLANG_WARN_UNREACHABLE_CODE = YES;
				CLANG_WARN__DUPLICATE_METHOD_MATCH = YES;
				COPY_PHASE_STRIP = NO;
				CURRENT_PROJECT_VERSION = $APP_VERSION;
				DEBUG_INFORMATION_FORMAT = "dwarf-with-dsym";
				ENABLE_NS_ASSERTIONS = NO;
				ENABLE_STRICT_OBJC_MSGSEND = YES;
				EXCLUDED_ARCHS = "";
				GCC_C_LANGUAGE_STANDARD = gnu11;
				GCC_NO_COMMON_BLOCKS = YES;
				GCC_WARN_64_TO_32_BIT_CONVERSION = YES;
				GCC_WARN_ABOUT_RETURN_TYPE = YES_ERROR;
				GCC_WARN_UNDECLARED_SELECTOR = YES;
				GCC_WARN_UNINITIALIZED_AUTOS = YES_AGGRESSIVE;
				GCC_WARN_UNUSED_FUNCTION = YES;
				GCC_WARN_UNUSED_VARIABLE = YES;
				INFOPLIST_KEY_UIUserInterfaceStyle = Automatic;
				IPHONEOS_DEPLOYMENT_TARGET = 15.4;
				MACOSX_DEPLOYMENT_TARGET = 12.3;
				MTL_ENABLE_DEBUG_INFO = NO;
				MTL_FAST_MATH = YES;
				ONLY_ACTIVE_ARCH = YES;
				SDKROOT = macosx;
				SWIFT_COMPILATION_MODE = wholemodule;
				SWIFT_OPTIMIZATION_LEVEL = "-O";
				SWIFT_VERSION = 5.0;
				TVOS_DEPLOYMENT_TARGET = 15.4;
				VERSIONING_SYSTEM = "apple-generic";
				WATCHOS_DEPLOYMENT_TARGET = 8.5;
			};
			name = Release;
		};
		3F6BC11D27FEDC3A000A2C5A /* Debug */ = {
			isa = XCBuildConfiguration;
			buildSettings = {
				CODE_SIGN_STYLE = Automatic;
				CURRENT_PROJECT_VERSION = 1;
				DEVELOPMENT_TEAM = Q87UDX5898;
				ENABLE_HARDENED_RUNTIME = YES;
				GENERATE_INFOPLIST_FILE = NO;
				INFOPLIST_FILE = "$(SRCROOT)/Info.plist";
				MACOSX_DEPLOYMENT_TARGET = 12.3;
				MARKETING_VERSION = 1.0.0;
				PRODUCT_BUNDLE_IDENTIFIER = com.jules.craid;
				PRODUCT_NAME = "$(TARGET_NAME)";
				SWIFT_VERSION = 5.0;
			};
			name = Debug;
		};
		3F6BC11E27FEDC3A000A2C5A /* Release */ = {
			isa = XCBuildConfiguration;
			buildSettings = {
				CODE_SIGN_STYLE = Automatic;
				CURRENT_PROJECT_VERSION = 1;
				DEVELOPMENT_TEAM = Q87UDX5898;
				ENABLE_HARDENED_RUNTIME = YES;
				GENERATE_INFOPLIST_FILE = NO;
				INFOPLIST_FILE = "$(SRCROOT)/Info.plist";
				MACOSX_DEPLOYMENT_TARGET = 12.3;
				MARKETING_VERSION = 1.0.0;
				PRODUCT_BUNDLE_IDENTIFIER = com.jules.craid;
				PRODUCT_NAME = "$(TARGET_NAME)";
				SWIFT_VERSION = 5.0;
			};
			name = Release;
		};
/* End XCBuildConfiguration section */

/* Begin XCConfigurationList section */
		3F6BC11027FEDC3A000A2C5A /* Build configuration list for PBXProject "Craid" */ = {
			isa = XCConfigurationList;
			buildConfigurations = (
				3F6BC11A27FEDC3A000A2C5A /* Debug */,
				3F6BC11B27FEDC3A000A2C5A /* Release */,
			);
			defaultConfigurationIsVisible = 0;
			defaultConfigurationName = Release;
		};
		3F6BC11C27FEDC3A000A2C5A /* Build configuration list for PBXNativeTarget "Craid" */ = {
			isa = XCConfigurationList;
			buildConfigurations = (
				3F6BC11D27FEDC3A000A2C5A /* Debug */,
				3F6BC11E27FEDC3A000A2C5A /* Release */,
			);
			defaultConfigurationIsVisible = 0;
			defaultConfigurationName = Release;
		};
/* End XCConfigurationList section */
	};
	rootObject = 3F6BC10D27FEDC3A000A2C5A /* Project object */;
}
